// !$*UTF8*$!
{
	archiveVersion = 1;
	classes = {
	};
	objectVersion = 46;
	objects = {

/* Begin PBXBuildFile section */
		41D0500B1BB4EDA7006916B8 /* TicTacToeBrain.swift in Sources */ = {isa = PBXBuildFile; fileRef = 41D0500A1BB4EDA7006916B8 /* TicTacToeBrain.swift */; settings = {ASSET_TAGS = (); }; };
		41D5C5D91BB383C70041A807 /* AppDelegate.swift in Sources */ = {isa = PBXBuildFile; fileRef = 41D5C5D81BB383C70041A807 /* AppDelegate.swift */; };
		41D5C5DE1BB383C70041A807 /* Main.storyboard in Resources */ = {isa = PBXBuildFile; fileRef = 41D5C5DC1BB383C70041A807 /* Main.storyboard */; };
		41D5C5E11BB383C70041A807 /* TicTacToe.xcdatamodeld in Sources */ = {isa = PBXBuildFile; fileRef = 41D5C5DF1BB383C70041A807 /* TicTacToe.xcdatamodeld */; };
		41D5C5E31BB383C70041A807 /* Assets.xcassets in Resources */ = {isa = PBXBuildFile; fileRef = 41D5C5E21BB383C70041A807 /* Assets.xcassets */; };
		41D5C5E61BB383C70041A807 /* LaunchScreen.storyboard in Resources */ = {isa = PBXBuildFile; fileRef = 41D5C5E41BB383C70041A807 /* LaunchScreen.storyboard */; };
		41D5C5F11BB383C70041A807 /* TicTacToeTests.swift in Sources */ = {isa = PBXBuildFile; fileRef = 41D5C5F01BB383C70041A807 /* TicTacToeTests.swift */; };
		41D5C5FC1BB383C80041A807 /* TicTacToeUITests.swift in Sources */ = {isa = PBXBuildFile; fileRef = 41D5C5FB1BB383C80041A807 /* TicTacToeUITests.swift */; };
		41D5C60D1BB384890041A807 /* TicTacToeViewController.swift in Sources */ = {isa = PBXBuildFile; fileRef = 41D5C60C1BB384890041A807 /* TicTacToeViewController.swift */; settings = {ASSET_TAGS = (); }; };
		41D5C60F1BB38E8F0041A807 /* Player.swift in Sources */ = {isa = PBXBuildFile; fileRef = 41D5C60E1BB38E8F0041A807 /* Player.swift */; settings = {ASSET_TAGS = (); }; };
		41D5C6111BB3998F0041A807 /* SettingsViewController.swift in Sources */ = {isa = PBXBuildFile; fileRef = 41D5C6101BB3998F0041A807 /* SettingsViewController.swift */; settings = {ASSET_TAGS = (); }; };
/* End PBXBuildFile section */

/* Begin PBXContainerItemProxy section */
		41D5C5ED1BB383C70041A807 /* PBXContainerItemProxy */ = {
			isa = PBXContainerItemProxy;
			containerPortal = 41D5C5CD1BB383C70041A807 /* Project object */;
			proxyType = 1;
			remoteGlobalIDString = 41D5C5D41BB383C70041A807;
			remoteInfo = TicTacToe;
		};
		41D5C5F81BB383C80041A807 /* PBXContainerItemProxy */ = {
			isa = PBXContainerItemProxy;
			containerPortal = 41D5C5CD1BB383C70041A807 /* Project object */;
			proxyType = 1;
			remoteGlobalIDString = 41D5C5D41BB383C70041A807;
			remoteInfo = TicTacToe;
		};
/* End PBXContainerItemProxy section */

/* Begin PBXFileReference section */
		41D0500A1BB4EDA7006916B8 /* TicTacToeBrain.swift */ = {isa = PBXFileReference; fileEncoding = 4; lastKnownFileType = sourcecode.swift; path = TicTacToeBrain.swift; sourceTree = "<group>"; };
		41D5C5D51BB383C70041A807 /* TicTacToe.app */ = {isa = PBXFileReference; explicitFileType = wrapper.application; includeInIndex = 0; path = TicTacToe.app; sourceTree = BUILT_PRODUCTS_DIR; };
		41D5C5D81BB383C70041A807 /* AppDelegate.swift */ = {isa = PBXFileReference; lastKnownFileType = sourcecode.swift; path = AppDelegate.swift; sourceTree = "<group>"; };
		41D5C5DD1BB383C70041A807 /* Base */ = {isa = PBXFileReference; lastKnownFileType = file.storyboard; name = Base; path = Base.lproj/Main.storyboard; sourceTree = "<group>"; };
		41D5C5E01BB383C70041A807 /* TicTacToe.xcdatamodel */ = {isa = PBXFileReference; lastKnownFileType = wrapper.xcdatamodel; path = TicTacToe.xcdatamodel; sourceTree = "<group>"; };
		41D5C5E21BB383C70041A807 /* Assets.xcassets */ = {isa = PBXFileReference; lastKnownFileType = folder.assetcatalog; path = Assets.xcassets; sourceTree = "<group>"; };
		41D5C5E51BB383C70041A807 /* Base */ = {isa = PBXFileReference; lastKnownFileType = file.storyboard; name = Base; path = Base.lproj/LaunchScreen.storyboard; sourceTree = "<group>"; };
		41D5C5E71BB383C70041A807 /* Info.plist */ = {isa = PBXFileReference; lastKnownFileType = text.plist.xml; path = Info.plist; sourceTree = "<group>"; };
		41D5C5EC1BB383C70041A807 /* TicTacToeTests.xctest */ = {isa = PBXFileReference; explicitFileType = wrapper.cfbundle; includeInIndex = 0; path = TicTacToeTests.xctest; sourceTree = BUILT_PRODUCTS_DIR; };
		41D5C5F01BB383C70041A807 /* TicTacToeTests.swift */ = {isa = PBXFileReference; lastKnownFileType = sourcecode.swift; path = TicTacToeTests.swift; sourceTree = "<group>"; };
		41D5C5F21BB383C70041A807 /* Info.plist */ = {isa = PBXFileReference; lastKnownFileType = text.plist.xml; path = Info.plist; sourceTree = "<group>"; };
		41D5C5F71BB383C70041A807 /* TicTacToeUITests.xctest */ = {isa = PBXFileReference; explicitFileType = wrapper.cfbundle; includeInIndex = 0; path = TicTacToeUITests.xctest; sourceTree = BUILT_PRODUCTS_DIR; };
		41D5C5FB1BB383C80041A807 /* TicTacToeUITests.swift */ = {isa = PBXFileReference; lastKnownFileType = sourcecode.swift; path = TicTacToeUITests.swift; sourceTree = "<group>"; };
		41D5C5FD1BB383C80041A807 /* Info.plist */ = {isa = PBXFileReference; lastKnownFileType = text.plist.xml; path = Info.plist; sourceTree = "<group>"; };
		41D5C60C1BB384890041A807 /* TicTacToeViewController.swift */ = {isa = PBXFileReference; fileEncoding = 4; lastKnownFileType = sourcecode.swift; path = TicTacToeViewController.swift; sourceTree = "<group>"; };
		41D5C60E1BB38E8F0041A807 /* Player.swift */ = {isa = PBXFileReference; fileEncoding = 4; lastKnownFileType = sourcecode.swift; path = Player.swift; sourceTree = "<group>"; };
		41D5C6101BB3998F0041A807 /* SettingsViewController.swift */ = {isa = PBXFileReference; fileEncoding = 4; lastKnownFileType = sourcecode.swift; path = SettingsViewController.swift; sourceTree = "<group>"; };
/* End PBXFileReference section */

/* Begin PBXFrameworksBuildPhase section */
		41D5C5D21BB383C70041A807 /* Frameworks */ = {
			isa = PBXFrameworksBuildPhase;
			buildActionMask = 2147483647;
			files = (
			);
			runOnlyForDeploymentPostprocessing = 0;
		};
		41D5C5E91BB383C70041A807 /* Frameworks */ = {
			isa = PBXFrameworksBuildPhase;
			buildActionMask = 2147483647;
			files = (
			);
			runOnlyForDeploymentPostprocessing = 0;
		};
		41D5C5F41BB383C70041A807 /* Frameworks */ = {
			isa = PBXFrameworksBuildPhase;
			buildActionMask = 2147483647;
			files = (
			);
			runOnlyForDeploymentPostprocessing = 0;
		};
/* End PBXFrameworksBuildPhase section */

/* Begin PBXGroup section */
		41D5C5CC1BB383C70041A807 = {
			isa = PBXGroup;
			children = (
				41D5C5D71BB383C70041A807 /* TicTacToe */,
				41D5C5EF1BB383C70041A807 /* TicTacToeTests */,
				41D5C5FA1BB383C80041A807 /* TicTacToeUITests */,
				41D5C5D61BB383C70041A807 /* Products */,
			);
			sourceTree = "<group>";
		};
		41D5C5D61BB383C70041A807 /* Products */ = {
			isa = PBXGroup;
			children = (
				41D5C5D51BB383C70041A807 /* TicTacToe.app */,
				41D5C5EC1BB383C70041A807 /* TicTacToeTests.xctest */,
				41D5C5F71BB383C70041A807 /* TicTacToeUITests.xctest */,
			);
			name = Products;
			sourceTree = "<group>";
		};
		41D5C5D71BB383C70041A807 /* TicTacToe */ = {
			isa = PBXGroup;
			children = (
				41D5C60B1BB384530041A807 /* Model */,
				41D5C60A1BB384480041A807 /* Controller */,
				41D5C6091BB384420041A807 /* View */,
				41D5C5E21BB383C70041A807 /* Assets.xcassets */,
				41D5C5D81BB383C70041A807 /* AppDelegate.swift */,
				41D5C5E41BB383C70041A807 /* LaunchScreen.storyboard */,
				41D5C5E71BB383C70041A807 /* Info.plist */,
				41D5C5DF1BB383C70041A807 /* TicTacToe.xcdatamodeld */,
			);
			path = TicTacToe;
			sourceTree = "<group>";
		};
		41D5C5EF1BB383C70041A807 /* TicTacToeTests */ = {
			isa = PBXGroup;
			children = (
				41D5C5F01BB383C70041A807 /* TicTacToeTests.swift */,
				41D5C5F21BB383C70041A807 /* Info.plist */,
			);
			path = TicTacToeTests;
			sourceTree = "<group>";
		};
		41D5C5FA1BB383C80041A807 /* TicTacToeUITests */ = {
			isa = PBXGroup;
			children = (
				41D5C5FB1BB383C80041A807 /* TicTacToeUITests.swift */,
				41D5C5FD1BB383C80041A807 /* Info.plist */,
			);
			path = TicTacToeUITests;
			sourceTree = "<group>";
		};
		41D5C6091BB384420041A807 /* View */ = {
			isa = PBXGroup;
			children = (
				41D5C5DC1BB383C70041A807 /* Main.storyboard */,
			);
			name = View;
			sourceTree = "<group>";
		};
		41D5C60A1BB384480041A807 /* Controller */ = {
			isa = PBXGroup;
			children = (
				41D5C60C1BB384890041A807 /* TicTacToeViewController.swift */,
				41D5C6101BB3998F0041A807 /* SettingsViewController.swift */,
			);
			name = Controller;
			sourceTree = "<group>";
		};
		41D5C60B1BB384530041A807 /* Model */ = {
			isa = PBXGroup;
			children = (
				41D5C60E1BB38E8F0041A807 /* Player.swift */,
				41D0500A1BB4EDA7006916B8 /* TicTacToeBrain.swift */,
			);
			name = Model;
			sourceTree = "<group>";
		};
/* End PBXGroup section */

/* Begin PBXNativeTarget section */
		41D5C5D41BB383C70041A807 /* TicTacToe */ = {
			isa = PBXNativeTarget;
			buildConfigurationList = 41D5C6001BB383C80041A807 /* Build configuration list for PBXNativeTarget "TicTacToe" */;
			buildPhases = (
				41D5C5D11BB383C70041A807 /* Sources */,
				41D5C5D21BB383C70041A807 /* Frameworks */,
				41D5C5D31BB383C70041A807 /* Resources */,
			);
			buildRules = (
			);
			dependencies = (
			);
			name = TicTacToe;
			productName = TicTacToe;
			productReference = 41D5C5D51BB383C70041A807 /* TicTacToe.app */;
			productType = "com.apple.product-type.application";
		};
		41D5C5EB1BB383C70041A807 /* TicTacToeTests */ = {
			isa = PBXNativeTarget;
			buildConfigurationList = 41D5C6031BB383C80041A807 /* Build configuration list for PBXNativeTarget "TicTacToeTests" */;
			buildPhases = (
				41D5C5E81BB383C70041A807 /* Sources */,
				41D5C5E91BB383C70041A807 /* Frameworks */,
				41D5C5EA1BB383C70041A807 /* Resources */,
			);
			buildRules = (
			);
			dependencies = (
				41D5C5EE1BB383C70041A807 /* PBXTargetDependency */,
			);
			name = TicTacToeTests;
			productName = TicTacToeTests;
			productReference = 41D5C5EC1BB383C70041A807 /* TicTacToeTests.xctest */;
			productType = "com.apple.product-type.bundle.unit-test";
		};
		41D5C5F61BB383C70041A807 /* TicTacToeUITests */ = {
			isa = PBXNativeTarget;
			buildConfigurationList = 41D5C6061BB383C80041A807 /* Build configuration list for PBXNativeTarget "TicTacToeUITests" */;
			buildPhases = (
				41D5C5F31BB383C70041A807 /* Sources */,
				41D5C5F41BB383C70041A807 /* Frameworks */,
				41D5C5F51BB383C70041A807 /* Resources */,
			);
			buildRules = (
			);
			dependencies = (
				41D5C5F91BB383C80041A807 /* PBXTargetDependency */,
			);
			name = TicTacToeUITests;
			productName = TicTacToeUITests;
			productReference = 41D5C5F71BB383C70041A807 /* TicTacToeUITests.xctest */;
			productType = "com.apple.product-type.bundle.ui-testing";
		};
/* End PBXNativeTarget section */

/* Begin PBXProject section */
		41D5C5CD1BB383C70041A807 /* Project object */ = {
			isa = PBXProject;
			attributes = {
				LastUpgradeCheck = 0700;
				ORGANIZATIONNAME = "Malachi Hul";
				TargetAttributes = {
					41D5C5D41BB383C70041A807 = {
						CreatedOnToolsVersion = 7.0;
					};
					41D5C5EB1BB383C70041A807 = {
						CreatedOnToolsVersion = 7.0;
						TestTargetID = 41D5C5D41BB383C70041A807;
					};
					41D5C5F61BB383C70041A807 = {
						CreatedOnToolsVersion = 7.0;
						TestTargetID = 41D5C5D41BB383C70041A807;
					};
				};
			};
			buildConfigurationList = 41D5C5D01BB383C70041A807 /* Build configuration list for PBXProject "TicTacToe" */;
			compatibilityVersion = "Xcode 3.2";
			developmentRegion = English;
			hasScannedForEncodings = 0;
			knownRegions = (
				en,
				Base,
			);
			mainGroup = 41D5C5CC1BB383C70041A807;
			productRefGroup = 41D5C5D61BB383C70041A807 /* Products */;
			projectDirPath = "";
			projectRoot = "";
			targets = (
				41D5C5D41BB383C70041A807 /* TicTacToe */,
				41D5C5EB1BB383C70041A807 /* TicTacToeTests */,
				41D5C5F61BB383C70041A807 /* TicTacToeUITests */,
			);
		};
/* End PBXProject section */

/* Begin PBXResourcesBuildPhase section */
		41D5C5D31BB383C70041A807 /* Resources */ = {
			isa = PBXResourcesBuildPhase;
			buildActionMask = 2147483647;
			files = (
				41D5C5E61BB383C70041A807 /* LaunchScreen.storyboard in Resources */,
				41D5C5E31BB383C70041A807 /* Assets.xcassets in Resources */,
				41D5C5DE1BB383C70041A807 /* Main.storyboard in Resources */,
			);
			runOnlyForDeploymentPostprocessing = 0;
		};
		41D5C5EA1BB383C70041A807 /* Resources */ = {
			isa = PBXResourcesBuildPhase;
			buildActionMask = 2147483647;
			files = (
			);
			runOnlyForDeploymentPostprocessing = 0;
		};
		41D5C5F51BB383C70041A807 /* Resources */ = {
			isa = PBXResourcesBuildPhase;
			buildActionMask = 2147483647;
			files = (
			);
			runOnlyForDeploymentPostprocessing = 0;
		};
/* End PBXResourcesBuildPhase section */

/* Begin PBXSourcesBuildPhase section */
		41D5C5D11BB383C70041A807 /* Sources */ = {
			isa = PBXSourcesBuildPhase;
			buildActionMask = 2147483647;
			files = (
				41D5C60F1BB38E8F0041A807 /* Player.swift in Sources */,
				41D5C60D1BB384890041A807 /* TicTacToeViewController.swift in Sources */,
				41D5C5E11BB383C70041A807 /* TicTacToe.xcdatamodeld in Sources */,
				41D5C6111BB3998F0041A807 /* SettingsViewController.swift in Sources */,
				41D5C5D91BB383C70041A807 /* AppDelegate.swift in Sources */,
				41D0500B1BB4EDA7006916B8 /* TicTacToeBrain.swift in Sources */,
			);
			runOnlyForDeploymentPostprocessing = 0;
		};
		41D5C5E81BB383C70041A807 /* Sources */ = {
			isa = PBXSourcesBuildPhase;
			buildActionMask = 2147483647;
			files = (
				41D5C5F11BB383C70041A807 /* TicTacToeTests.swift in Sources */,
			);
			runOnlyForDeploymentPostprocessing = 0;
		};
		41D5C5F31BB383C70041A807 /* Sources */ = {
			isa = PBXSourcesBuildPhase;
			buildActionMask = 2147483647;
			files = (
				41D5C5FC1BB383C80041A807 /* TicTacToeUITests.swift in Sources */,
			);
			runOnlyForDeploymentPostprocessing = 0;
		};
/* End PBXSourcesBuildPhase section */

/* Begin PBXTargetDependency section */
		41D5C5EE1BB383C70041A807 /* PBXTargetDependency */ = {
			isa = PBXTargetDependency;
			target = 41D5C5D41BB383C70041A807 /* TicTacToe */;
			targetProxy = 41D5C5ED1BB383C70041A807 /* PBXContainerItemProxy */;
		};
		41D5C5F91BB383C80041A807 /* PBXTargetDependency */ = {
			isa = PBXTargetDependency;
			target = 41D5C5D41BB383C70041A807 /* TicTacToe */;
			targetProxy = 41D5C5F81BB383C80041A807 /* PBXContainerItemProxy */;
		};
/* End PBXTargetDependency section */

/* Begin PBXVariantGroup section */
		41D5C5DC1BB383C70041A807 /* Main.storyboard */ = {
			isa = PBXVariantGroup;
			children = (
				41D5C5DD1BB383C70041A807 /* Base */,
			);
			name = Main.storyboard;
			sourceTree = "<group>";
		};
		41D5C5E41BB383C70041A807 /* LaunchScreen.storyboard */ = {
			isa = PBXVariantGroup;
			children = (
				41D5C5E51BB383C70041A807 /* Base */,
			);
			name = LaunchScreen.storyboard;
			sourceTree = "<group>";
		};
/* End PBXVariantGroup section */

/* Begin XCBuildConfiguration section */
		41D5C5FE1BB383C80041A807 /* Debug */ = {
			isa = XCBuildConfiguration;
			buildSettings = {
				ALWAYS_SEARCH_USER_PATHS = NO;
				CLANG_CXX_LANGUAGE_STANDARD = "gnu++0x";
				CLANG_CXX_LIBRARY = "libc++";
				CLANG_ENABLE_MODULES = YES;
				CLANG_ENABLE_OBJC_ARC = YES;
				CLANG_WARN_BOOL_CONVERSION = YES;
				CLANG_WARN_CONSTANT_CONVERSION = YES;
				CLANG_WARN_DIRECT_OBJC_ISA_USAGE = YES_ERROR;
				CLANG_WARN_EMPTY_BODY = YES;
				CLANG_WARN_ENUM_CONVERSION = YES;
				CLANG_WARN_INT_CONVERSION = YES;
				CLANG_WARN_OBJC_ROOT_CLASS = YES_ERROR;
				CLANG_WARN_UNREACHABLE_CODE = YES;
				CLANG_WARN__DUPLICATE_METHOD_MATCH = YES;
				"CODE_SIGN_IDENTITY[sdk=iphoneos*]" = "iPhone Developer";
				COPY_PHASE_STRIP = NO;
				DEBUG_INFORMATION_FORMAT = dwarf;
				ENABLE_STRICT_OBJC_MSGSEND = YES;
				ENABLE_TESTABILITY = YES;
				GCC_C_LANGUAGE_STANDARD = gnu99;
				GCC_DYNAMIC_NO_PIC = NO;
				GCC_NO_COMMON_BLOCKS = YES;
				GCC_OPTIMIZATION_LEVEL = 0;
				GCC_PREPROCESSOR_DEFINITIONS = (
					"DEBUG=1",
					"$(inherited)",
				);
				GCC_WARN_64_TO_32_BIT_CONVERSION = YES;
				GCC_WARN_ABOUT_RETURN_TYPE = YES_ERROR;
				GCC_WARN_UNDECLARED_SELECTOR = YES;
				GCC_WARN_UNINITIALIZED_AUTOS = YES_AGGRESSIVE;
				GCC_WARN_UNUSED_FUNCTION = YES;
				GCC_WARN_UNUSED_VARIABLE = YES;
				IPHONEOS_DEPLOYMENT_TARGET = 9.0;
				MTL_ENABLE_DEBUG_INFO = YES;
				ONLY_ACTIVE_ARCH = YES;
				SDKROOT = iphoneos;
				SWIFT_OPTIMIZATION_LEVEL = "-Onone";
			};
			name = Debug;
		};
		41D5C5FF1BB383C80041A807 /* Release */ = {
			isa = XCBuildConfiguration;
			buildSettings = {
				ALWAYS_SEARCH_USER_PATHS = NO;
				CLANG_CXX_LANGUAGE_STANDARD = "gnu++0x";
				CLANG_CXX_LIBRARY = "libc++";
				CLANG_ENABLE_MODULES = YES;
				CLANG_ENABLE_OBJC_ARC = YES;
				CLANG_WARN_BOOL_CONVERSION = YES;
				CLANG_WARN_CONSTANT_CONVERSION = YES;
				CLANG_WARN_DIRECT_OBJC_ISA_USAGE = YES_ERROR;
				CLANG_WARN_EMPTY_BODY = YES;
				CLANG_WARN_ENUM_CONVERSION = YES;
				CLANG_WARN_INT_CONVERSION = YES;
				CLANG_WARN_OBJC_ROOT_CLASS = YES_ERROR;
				CLANG_WARN_UNREACHABLE_CODE = YES;
				CLANG_WARN__DUPLICATE_METHOD_MATCH = YES;
				"CODE_SIGN_IDENTITY[sdk=iphoneos*]" = "iPhone Developer";
				COPY_PHASE_STRIP = NO;
				DEBUG_INFORMATION_FORMAT = "dwarf-with-dsym";
				ENABLE_NS_ASSERTIONS = NO;
				ENABLE_STRICT_OBJC_MSGSEND = YES;
				GCC_C_LANGUAGE_STANDARD = gnu99;
				GCC_NO_COMMON_BLOCKS = YES;
				GCC_WARN_64_TO_32_BIT_CONVERSION = YES;
				GCC_WARN_ABOUT_RETURN_TYPE = YES_ERROR;
				GCC_WARN_UNDECLARED_SELECTOR = YES;
				GCC_WARN_UNINITIALIZED_AUTOS = YES_AGGRESSIVE;
				GCC_WARN_UNUSED_FUNCTION = YES;
				GCC_WARN_UNUSED_VARIABLE = YES;
				IPHONEOS_DEPLOYMENT_TARGET = 9.0;
				MTL_ENABLE_DEBUG_INFO = NO;
				SDKROOT = iphoneos;
				VALIDATE_PRODUCT = YES;
			};
			name = Release;
		};
		41D5C6011BB383C80041A807 /* Debug */ = {
			isa = XCBuildConfiguration;
			buildSettings = {
				ASSETCATALOG_COMPILER_APPICON_NAME = AppIcon;
				INFOPLIST_FILE = TicTacToe/Info.plist;
				LD_RUNPATH_SEARCH_PATHS = "$(inherited) @executable_path/Frameworks";
				PRODUCT_BUNDLE_IDENTIFIER = mh.TicTacToe;
				PRODUCT_NAME = "$(TARGET_NAME)";
			};
			name = Debug;
		};
		41D5C6021BB383C80041A807 /* Release */ = {
			isa = XCBuildConfiguration;
			buildSettings = {
				ASSETCATALOG_COMPILER_APPICON_NAME = AppIcon;
				INFOPLIST_FILE = TicTacToe/Info.plist;
				LD_RUNPATH_SEARCH_PATHS = "$(inherited) @executable_path/Frameworks";
				PRODUCT_BUNDLE_IDENTIFIER = mh.TicTacToe;
				PRODUCT_NAME = "$(TARGET_NAME)";
			};
			name = Release;
		};
		41D5C6041BB383C80041A807 /* Debug */ = {
			isa = XCBuildConfiguration;
			buildSettings = {
				BUNDLE_LOADER = "$(TEST_HOST)";
				INFOPLIST_FILE = TicTacToeTests/Info.plist;
				LD_RUNPATH_SEARCH_PATHS = "$(inherited) @executable_path/Frameworks @loader_path/Frameworks";
				PRODUCT_BUNDLE_IDENTIFIER = mh.TicTacToeTests;
				PRODUCT_NAME = "$(TARGET_NAME)";
				TEST_HOST = "$(BUILT_PRODUCTS_DIR)/TicTacToe.app/TicTacToe";
			};
			name = Debug;
		};
		41D5C6051BB383C80041A807 /* Release */ = {
			isa = XCBuildConfiguration;
			buildSettings = {
				BUNDLE_LOADER = "$(TEST_HOST)";
				INFOPLIST_FILE = TicTacToeTests/Info.plist;
				LD_RUNPATH_SEARCH_PATHS = "$(inherited) @executable_path/Frameworks @loader_path/Frameworks";
				PRODUCT_BUNDLE_IDENTIFIER = mh.TicTacToeTests;
				PRODUCT_NAME = "$(TARGET_NAME)";
				TEST_HOST = "$(BUILT_PRODUCTS_DIR)/TicTacToe.app/TicTacToe";
			};
			name = Release;
		};
		41D5C6071BB383C80041A807 /* Debug */ = {
			isa = XCBuildConfiguration;
			buildSettings = {
				INFOPLIST_FILE = TicTacToeUITests/Info.plist;
				LD_RUNPATH_SEARCH_PATHS = "$(inherited) @executable_path/Frameworks @loader_path/Frameworks";
				PRODUCT_BUNDLE_IDENTIFIER = mh.TicTacToeUITests;
				PRODUCT_NAME = "$(TARGET_NAME)";
				TEST_TARGET_NAME = TicTacToe;
				USES_XCTRUNNER = YES;
			};
			name = Debug;
		};
		41D5C6081BB383C80041A807 /* Release */ = {
			isa = XCBuildConfiguration;
			buildSettings = {
				INFOPLIST_FILE = TicTacToeUITests/Info.plist;
				LD_RUNPATH_SEARCH_PATHS = "$(inherited) @executable_path/Frameworks @loader_path/Frameworks";
				PRODUCT_BUNDLE_IDENTIFIER = mh.TicTacToeUITests;
				PRODUCT_NAME = "$(TARGET_NAME)";
				TEST_TARGET_NAME = TicTacToe;
				USES_XCTRUNNER = YES;
			};
			name = Release;
		};
/* End XCBuildConfiguration section */

/* Begin XCConfigurationList section */
		41D5C5D01BB383C70041A807 /* Build configuration list for PBXProject "TicTacToe" */ = {
			isa = XCConfigurationList;
			buildConfigurations = (
				41D5C5FE1BB383C80041A807 /* Debug */,
				41D5C5FF1BB383C80041A807 /* Release */,
			);
			defaultConfigurationIsVisible = 0;
			defaultConfigurationName = Release;
		};
		41D5C6001BB383C80041A807 /* Build configuration list for PBXNativeTarget "TicTacToe" */ = {
			isa = XCConfigurationList;
			buildConfigurations = (
				41D5C6011BB383C80041A807 /* Debug */,
				41D5C6021BB383C80041A807 /* Release */,
			);
			defaultConfigurationIsVisible = 0;
			defaultConfigurationName = Release;
		};
		41D5C6031BB383C80041A807 /* Build configuration list for PBXNativeTarget "TicTacToeTests" */ = {
			isa = XCConfigurationList;
			buildConfigurations = (
				41D5C6041BB383C80041A807 /* Debug */,
				41D5C6051BB383C80041A807 /* Release */,
			);
			defaultConfigurationIsVisible = 0;
			defaultConfigurationName = Release;
		};
		41D5C6061BB383C80041A807 /* Build configuration list for PBXNativeTarget "TicTacToeUITests" */ = {
			isa = XCConfigurationList;
			buildConfigurations = (
				41D5C6071BB383C80041A807 /* Debug */,
				41D5C6081BB383C80041A807 /* Release */,
			);
			defaultConfigurationIsVisible = 0;
			defaultConfigurationName = Release;
		};
/* End XCConfigurationList section */

/* Begin XCVersionGroup section */
		41D5C5DF1BB383C70041A807 /* TicTacToe.xcdatamodeld */ = {
			isa = XCVersionGroup;
			children = (
				41D5C5E01BB383C70041A807 /* TicTacToe.xcdatamodel */,
			);
			currentVersion = 41D5C5E01BB383C70041A807 /* TicTacToe.xcdatamodel */;
			path = TicTacToe.xcdatamodeld;
			sourceTree = "<group>";
			versionGroupType = wrapper.xcdatamodel;
		};
/* End XCVersionGroup section */
	};
	rootObject = 41D5C5CD1BB383C70041A807 /* Project object */;
}
